{
	"name": "@xjb521-dev/utils",
	"version": "1.0.6",
	"lockfileVersion": 2,
	"requires": true,
	"packages": {
		"": {
			"name": "@xjb521-dev/utils",
			"version": "1.0.0",
			"license": "ISC",
			"dependencies": {
				"imooc-test-xjb": "^1.0.0"
			}
		},
		"node_modules/imooc-test-xjb": {
			"version": "1.0.0",
			"resolved": "https://registry.npmjs.org/imooc-test-xjb/-/imooc-test-xjb-1.0.0.tgz",
			"integrity": "sha512-ds22QU2sckt7Tp3zBX2hdvHoiSaFB47+zRSNPU7AEtTUsw8mjijVLlNCbbnMuWdmxsc3CHndBEcQ5PeeZ5UJkg==",
			"bin": {
				"imooc-test-xjb": "bin/index.js"
			}
		}
	},
	"dependencies": {
		"imooc-test-xjb": {
			"version": "1.0.0",
			"resolved": "https://registry.npmjs.org/imooc-test-xjb/-/imooc-test-xjb-1.0.0.tgz",
			"integrity": "sha512-ds22QU2sckt7Tp3zBX2hdvHoiSaFB47+zRSNPU7AEtTUsw8mjijVLlNCbbnMuWdmxsc3CHndBEcQ5PeeZ5UJkg=="
		}
	}
}
